// !$*UTF8*$!
{
	archiveVersion = 1;
	classes = {
	};
	objectVersion = 56;
	objects = {

/* Begin PBXBuildFile section */
		DA0BCBC02AF8B76300B81165 /* ViewModel.swift in Sources */ = {isa = PBXBuildFile; fileRef = DA0BCBBF2AF8B76300B81165 /* ViewModel.swift */; };
		DA1311F22A99760200ABCFF9 /* Geppo_Iphone_VersionApp.swift in Sources */ = {isa = PBXBuildFile; fileRef = DA1311F12A99760200ABCFF9 /* Geppo_Iphone_VersionApp.swift */; };
		DA1311F42A99760200ABCFF9 /* ContentView.swift in Sources */ = {isa = PBXBuildFile; fileRef = DA1311F32A99760200ABCFF9 /* ContentView.swift */; };
		DA1311F62A99760300ABCFF9 /* Assets.xcassets in Resources */ = {isa = PBXBuildFile; fileRef = DA1311F52A99760300ABCFF9 /* Assets.xcassets */; };
		DA1311F92A99760300ABCFF9 /* Preview Assets.xcassets in Resources */ = {isa = PBXBuildFile; fileRef = DA1311F82A99760300ABCFF9 /* Preview Assets.xcassets */; };
		DA2D87932B1DF0160038692E /* RowData.swift in Sources */ = {isa = PBXBuildFile; fileRef = DA2D87922B1DF0160038692E /* RowData.swift */; };
		DAEDB2D52AA2ECE0001D70BA /* TableView.swift in Sources */ = {isa = PBXBuildFile; fileRef = DAEDB2D42AA2ECE0001D70BA /* TableView.swift */; };
		DAEDB2D72AA2F088001D70BA /* UserEntry.swift in Sources */ = {isa = PBXBuildFile; fileRef = DAEDB2D62AA2F088001D70BA /* UserEntry.swift */; };
		DAEDB2D92AA41832001D70BA /* EditEntryView.swift in Sources */ = {isa = PBXBuildFile; fileRef = DAEDB2D82AA41832001D70BA /* EditEntryView.swift */; };
/* End PBXBuildFile section */

/* Begin PBXFileReference section */
		DA0BCBBF2AF8B76300B81165 /* ViewModel.swift */ = {isa = PBXFileReference; lastKnownFileType = sourcecode.swift; path = ViewModel.swift; sourceTree = "<group>"; };
		DA1311EE2A99760200ABCFF9 /* Geppo_Iphone_Version.app */ = {isa = PBXFileReference; explicitFileType = wrapper.application; includeInIndex = 0; path = Geppo_Iphone_Version.app; sourceTree = BUILT_PRODUCTS_DIR; };
		DA1311F12A99760200ABCFF9 /* Geppo_Iphone_VersionApp.swift */ = {isa = PBXFileReference; lastKnownFileType = sourcecode.swift; path = Geppo_Iphone_VersionApp.swift; sourceTree = "<group>"; };
		DA1311F32A99760200ABCFF9 /* ContentView.swift */ = {isa = PBXFileReference; lastKnownFileType = sourcecode.swift; path = ContentView.swift; sourceTree = "<group>"; };
		DA1311F52A99760300ABCFF9 /* Assets.xcassets */ = {isa = PBXFileReference; lastKnownFileType = folder.assetcatalog; path = Assets.xcassets; sourceTree = "<group>"; };
		DA1311F82A99760300ABCFF9 /* Preview Assets.xcassets */ = {isa = PBXFileReference; lastKnownFileType = folder.assetcatalog; path = "Preview Assets.xcassets"; sourceTree = "<group>"; };
		DA2D87922B1DF0160038692E /* RowData.swift */ = {isa = PBXFileReference; lastKnownFileType = sourcecode.swift; path = RowData.swift; sourceTree = "<group>"; };
		DAEDB2D42AA2ECE0001D70BA /* TableView.swift */ = {isa = PBXFileReference; lastKnownFileType = sourcecode.swift; path = TableView.swift; sourceTree = "<group>"; };
		DAEDB2D62AA2F088001D70BA /* UserEntry.swift */ = {isa = PBXFileReference; lastKnownFileType = sourcecode.swift; path = UserEntry.swift; sourceTree = "<group>"; };
		DAEDB2D82AA41832001D70BA /* EditEntryView.swift */ = {isa = PBXFileReference; lastKnownFileType = sourcecode.swift; path = EditEntryView.swift; sourceTree = "<group>"; };
/* End PBXFileReference section */

/* Begin PBXFrameworksBuildPhase section */
		DA1311EB2A99760200ABCFF9 /* Frameworks */ = {
			isa = PBXFrameworksBuildPhase;
			buildActionMask = 2147483647;
			files = (
			);
			runOnlyForDeploymentPostprocessing = 0;
		};
/* End PBXFrameworksBuildPhase section */

/* Begin PBXGroup section */
		DA0BCBC12AF8CAAB00B81165 /* Model */ = {
			isa = PBXGroup;
			children = (
				DAEDB2D62AA2F088001D70BA /* UserEntry.swift */,
				DA0BCBBF2AF8B76300B81165 /* ViewModel.swift */,
			);
			path = Model;
			sourceTree = "<group>";
		};
		DA0BCBC22AF8CACA00B81165 /* View */ = {
			isa = PBXGroup;
			children = (
				DAEDB2D42AA2ECE0001D70BA /* TableView.swift */,
				DA1311F32A99760200ABCFF9 /* ContentView.swift */,
				DAEDB2D82AA41832001D70BA /* EditEntryView.swift */,
				DA2D87922B1DF0160038692E /* RowData.swift */,
			);
			path = View;
			sourceTree = "<group>";
		};
		DA1311E52A99760200ABCFF9 = {
			isa = PBXGroup;
			children = (
				DA1311F02A99760200ABCFF9 /* Geppo_Iphone_Version */,
				DA1311EF2A99760200ABCFF9 /* Products */,
			);
			sourceTree = "<group>";
		};
		DA1311EF2A99760200ABCFF9 /* Products */ = {
			isa = PBXGroup;
			children = (
				DA1311EE2A99760200ABCFF9 /* Geppo_Iphone_Version.app */,
			);
			name = Products;
			sourceTree = "<group>";
		};
		DA1311F02A99760200ABCFF9 /* Geppo_Iphone_Version */ = {
			isa = PBXGroup;
			children = (
				DA1311F12A99760200ABCFF9 /* Geppo_Iphone_VersionApp.swift */,
				DA0BCBC22AF8CACA00B81165 /* View */,
				DA0BCBC12AF8CAAB00B81165 /* Model */,
				DA1311F52A99760300ABCFF9 /* Assets.xcassets */,
				DA1311F72A99760300ABCFF9 /* Preview Content */,
			);
			path = Geppo_Iphone_Version;
			sourceTree = "<group>";
		};
		DA1311F72A99760300ABCFF9 /* Preview Content */ = {
			isa = PBXGroup;
			children = (
				DA1311F82A99760300ABCFF9 /* Preview Assets.xcassets */,
			);
			path = "Preview Content";
			sourceTree = "<group>";
		};
/* End PBXGroup section */

/* Begin PBXNativeTarget section */
		DA1311ED2A99760200ABCFF9 /* Geppo_Iphone_Version */ = {
			isa = PBXNativeTarget;
			buildConfigurationList = DA1311FC2A99760300ABCFF9 /* Build configuration list for PBXNativeTarget "Geppo_Iphone_Version" */;
			buildPhases = (
				DA1311EA2A99760200ABCFF9 /* Sources */,
				DA1311EB2A99760200ABCFF9 /* Frameworks */,
				DA1311EC2A99760200ABCFF9 /* Resources */,
			);
			buildRules = (
			);
			dependencies = (
			);
			name = Geppo_Iphone_Version;
			productName = Geppo_Iphone_Version;
			productReference = DA1311EE2A99760200ABCFF9 /* Geppo_Iphone_Version.app */;
			productType = "com.apple.product-type.application";
		};
/* End PBXNativeTarget section */

/* Begin PBXProject section */
		DA1311E62A99760200ABCFF9 /* Project object */ = {
			isa = PBXProject;
			attributes = {
				BuildIndependentTargetsInParallel = 1;
				LastSwiftUpdateCheck = 1430;
				LastUpgradeCheck = 1500;
				TargetAttributes = {
					DA1311ED2A99760200ABCFF9 = {
						CreatedOnToolsVersion = 14.3.1;
					};
				};
			};
			buildConfigurationList = DA1311E92A99760200ABCFF9 /* Build configuration list for PBXProject "Geppo_Iphone_Version" */;
			compatibilityVersion = "Xcode 14.0";
			developmentRegion = en;
			hasScannedForEncodings = 0;
			knownRegions = (
				en,
				Base,
			);
			mainGroup = DA1311E52A99760200ABCFF9;
			productRefGroup = DA1311EF2A99760200ABCFF9 /* Products */;
			projectDirPath = "";
			projectRoot = "";
			targets = (
				DA1311ED2A99760200ABCFF9 /* Geppo_Iphone_Version */,
			);
		};
/* End PBXProject section */

/* Begin PBXResourcesBuildPhase section */
		DA1311EC2A99760200ABCFF9 /* Resources */ = {
			isa = PBXResourcesBuildPhase;
			buildActionMask = 2147483647;
			files = (
				DA1311F92A99760300ABCFF9 /* Preview Assets.xcassets in Resources */,
				DA1311F62A99760300ABCFF9 /* Assets.xcassets in Resources */,
			);
			runOnlyForDeploymentPostprocessing = 0;
		};
/* End PBXResourcesBuildPhase section */

/* Begin PBXSourcesBuildPhase section */
		DA1311EA2A99760200ABCFF9 /* Sources */ = {
			isa = PBXSourcesBuildPhase;
			buildActionMask = 2147483647;
			files = (
				DA1311F42A99760200ABCFF9 /* ContentView.swift in Sources */,
				DAEDB2D92AA41832001D70BA /* EditEntryView.swift in Sources */,
				DAEDB2D52AA2ECE0001D70BA /* TableView.swift in Sources */,
				DA1311F22A99760200ABCFF9 /* Geppo_Iphone_VersionApp.swift in Sources */,
				DA0BCBC02AF8B76300B81165 /* ViewModel.swift in Sources */,
				DA2D87932B1DF0160038692E /* RowData.swift in Sources */,
				DAEDB2D72AA2F088001D70BA /* UserEntry.swift in Sources */,
			);
			runOnlyForDeploymentPostprocessing = 0;
		};
/* End PBXSourcesBuildPhase section */

/* Begin XCBuildConfiguration section */
		DA1311FA2A99760300ABCFF9 /* Debug */ = {
			isa = XCBuildConfiguration;
			buildSettings = {
				ALWAYS_SEARCH_USER_PATHS = NO;
				CLANG_ANALYZER_NONNULL = YES;
				CLANG_ANALYZER_NUMBER_OBJECT_CONVERSION = YES_AGGRESSIVE;
				CLANG_CXX_LANGUAGE_STANDARD = "gnu++20";
				CLANG_ENABLE_MODULES = YES;
				CLANG_ENABLE_OBJC_ARC = YES;
				CLANG_ENABLE_OBJC_WEAK = YES;
				CLANG_WARN_BLOCK_CAPTURE_AUTORELEASING = YES;
				CLANG_WARN_BOOL_CONVERSION = YES;
				CLANG_WARN_COMMA = YES;
				CLANG_WARN_CONSTANT_CONVERSION = YES;
				CLANG_WARN_DEPRECATED_OBJC_IMPLEMENTATIONS = YES;
				CLANG_WARN_DIRECT_OBJC_ISA_USAGE = YES_ERROR;
				CLANG_WARN_DOCUMENTATION_COMMENTS = YES;
				CLANG_WARN_EMPTY_BODY = YES;
				CLANG_WARN_ENUM_CONVERSION = YES;
				CLANG_WARN_INFINITE_RECURSION = YES;
				CLANG_WARN_INT_CONVERSION = YES;
				CLANG_WARN_NON_LITERAL_NULL_CONVERSION = YES;
				CLANG_WARN_OBJC_IMPLICIT_RETAIN_SELF = YES;
				CLANG_WARN_OBJC_LITERAL_CONVERSION = YES;
				CLANG_WARN_OBJC_ROOT_CLASS = YES_ERROR;
				CLANG_WARN_QUOTED_INCLUDE_IN_FRAMEWORK_HEADER = YES;
				CLANG_WARN_RANGE_LOOP_ANALYSIS = YES;
				CLANG_WARN_STRICT_PROTOTYPES = YES;
				CLANG_WARN_SUSPICIOUS_MOVE = YES;
				CLANG_WARN_UNGUARDED_AVAILABILITY = YES_AGGRESSIVE;
				CLANG_WARN_UNREACHABLE_CODE = YES;
				CLANG_WARN__DUPLICATE_METHOD_MATCH = YES;
				COPY_PHASE_STRIP = NO;
				DEBUG_INFORMATION_FORMAT = dwarf;
				ENABLE_STRICT_OBJC_MSGSEND = YES;
				ENABLE_TESTABILITY = YES;
				ENABLE_USER_SCRIPT_SANDBOXING = YES;
				GCC_C_LANGUAGE_STANDARD = gnu11;
				GCC_DYNAMIC_NO_PIC = NO;
				GCC_NO_COMMON_BLOCKS = YES;
				GCC_OPTIMIZATION_LEVEL = 0;
				GCC_PREPROCESSOR_DEFINITIONS = (
					"DEBUG=1",
					"$(inherited)",
				);
				GCC_WARN_64_TO_32_BIT_CONVERSION = YES;
				GCC_WARN_ABOUT_RETURN_TYPE = YES_ERROR;
				GCC_WARN_UNDECLARED_SELECTOR = YES;
				GCC_WARN_UNINITIALIZED_AUTOS = YES_AGGRESSIVE;
				GCC_WARN_UNUSED_FUNCTION = YES;
				GCC_WARN_UNUSED_VARIABLE = YES;
				IPHONEOS_DEPLOYMENT_TARGET = 17.0;
				MTL_ENABLE_DEBUG_INFO = INCLUDE_SOURCE;
				MTL_FAST_MATH = YES;
				ONLY_ACTIVE_ARCH = YES;
				SDKROOT = iphoneos;
				SWIFT_ACTIVE_COMPILATION_CONDITIONS = DEBUG;
				SWIFT_OPTIMIZATION_LEVEL = "-Onone";
			};
			name = Debug;
		};
		DA1311FB2A99760300ABCFF9 /* Release */ = {
			isa = XCBuildConfiguration;
			buildSettings = {
				ALWAYS_SEARCH_USER_PATHS = NO;
				CLANG_ANALYZER_NONNULL = YES;
				CLANG_ANALYZER_NUMBER_OBJECT_CONVERSION = YES_AGGRESSIVE;
				CLANG_CXX_LANGUAGE_STANDARD = "gnu++20";
				CLANG_ENABLE_MODULES = YES;
				CLANG_ENABLE_OBJC_ARC = YES;
				CLANG_ENABLE_OBJC_WEAK = YES;
				CLANG_WARN_BLOCK_CAPTURE_AUTORELEASING = YES;
				CLANG_WARN_BOOL_CONVERSION = YES;
				CLANG_WARN_COMMA = YES;
				CLANG_WARN_CONSTANT_CONVERSION = YES;
				CLANG_WARN_DEPRECATED_OBJC_IMPLEMENTATIONS = YES;
				CLANG_WARN_DIRECT_OBJC_ISA_USAGE = YES_ERROR;
				CLANG_WARN_DOCUMENTATION_COMMENTS = YES;
				CLANG_WARN_EMPTY_BODY = YES;
				CLANG_WARN_ENUM_CONVERSION = YES;
				CLANG_WARN_INFINITE_RECURSION = YES;
				CLANG_WARN_INT_CONVERSION = YES;
				CLANG_WARN_NON_LITERAL_NULL_CONVERSION = YES;
				CLANG_WARN_OBJC_IMPLICIT_RETAIN_SELF = YES;
				CLANG_WARN_OBJC_LITERAL_CONVERSION = YES;
				CLANG_WARN_OBJC_ROOT_CLASS = YES_ERROR;
				CLANG_WARN_QUOTED_INCLUDE_IN_FRAMEWORK_HEADER = YES;
				CLANG_WARN_RANGE_LOOP_ANALYSIS = YES;
				CLANG_WARN_STRICT_PROTOTYPES = YES;
				CLANG_WARN_SUSPICIOUS_MOVE = YES;
				CLANG_WARN_UNGUARDED_AVAILABILITY = YES_AGGRESSIVE;
				CLANG_WARN_UNREACHABLE_CODE = YES;
				CLANG_WARN__DUPLICATE_METHOD_MATCH = YES;
				COPY_PHASE_STRIP = NO;
				DEBUG_INFORMATION_FORMAT = "dwarf-with-dsym";
				ENABLE_NS_ASSERTIONS = NO;
				ENABLE_STRICT_OBJC_MSGSEND = YES;
				ENABLE_USER_SCRIPT_SANDBOXING = YES;
				GCC_C_LANGUAGE_STANDARD = gnu11;
				GCC_NO_COMMON_BLOCKS = YES;
				GCC_WARN_64_TO_32_BIT_CONVERSION = YES;
				GCC_WARN_ABOUT_RETURN_TYPE = YES_ERROR;
				GCC_WARN_UNDECLARED_SELECTOR = YES;
				GCC_WARN_UNINITIALIZED_AUTOS = YES_AGGRESSIVE;
				GCC_WARN_UNUSED_FUNCTION = YES;
				GCC_WARN_UNUSED_VARIABLE = YES;
				IPHONEOS_DEPLOYMENT_TARGET = 17.0;
				MTL_ENABLE_DEBUG_INFO = NO;
				MTL_FAST_MATH = YES;
				SDKROOT = iphoneos;
				SWIFT_COMPILATION_MODE = wholemodule;
				SWIFT_OPTIMIZATION_LEVEL = "-O";
				VALIDATE_PRODUCT = YES;
			};
			name = Release;
		};
		DA1311FD2A99760300ABCFF9 /* Debug */ = {
			isa = XCBuildConfiguration;
			buildSettings = {
				ASSETCATALOG_COMPILER_APPICON_NAME = AppIcon;
				ASSETCATALOG_COMPILER_GLOBAL_ACCENT_COLOR_NAME = AccentColor;
				CODE_SIGN_STYLE = Automatic;
				CURRENT_PROJECT_VERSION = 1;
				DEVELOPMENT_ASSET_PATHS = "\"Geppo_Iphone_Version/Preview Content\"";
				DEVELOPMENT_TEAM = 6797CLBLAB;
				ENABLE_PREVIEWS = YES;
				GENERATE_INFOPLIST_FILE = YES;
				INFOPLIST_KEY_UIApplicationSceneManifest_Generation = YES;
				INFOPLIST_KEY_UIApplicationSupportsIndirectInputEvents = YES;
				INFOPLIST_KEY_UILaunchScreen_Generation = YES;
				INFOPLIST_KEY_UISupportedInterfaceOrientations_iPad = "UIInterfaceOrientationPortrait UIInterfaceOrientationPortraitUpsideDown UIInterfaceOrientationLandscapeLeft UIInterfaceOrientationLandscapeRight";
				INFOPLIST_KEY_UISupportedInterfaceOrientations_iPhone = "UIInterfaceOrientationPortrait UIInterfaceOrientationLandscapeLeft UIInterfaceOrientationLandscapeRight";
				LD_RUNPATH_SEARCH_PATHS = (
					"$(inherited)",
					"@executable_path/Frameworks",
				);
				MARKETING_VERSION = 1.0;
				PRODUCT_BUNDLE_IDENTIFIER = "com.garcia.Geppo-Iphone-Version";
				PRODUCT_NAME = "$(TARGET_NAME)";
				SWIFT_EMIT_LOC_STRINGS = YES;
				SWIFT_VERSION = 5.0;
				TARGETED_DEVICE_FAMILY = "1,2";
			};
			name = Debug;
		};
		DA1311FE2A99760300ABCFF9 /* Release */ = {
			isa = XCBuildConfiguration;
			buildSettings = {
				ASSETCATALOG_COMPILER_APPICON_NAME = AppIcon;
				ASSETCATALOG_COMPILER_GLOBAL_ACCENT_COLOR_NAME = AccentColor;
				CODE_SIGN_STYLE = Automatic;
				CURRENT_PROJECT_VERSION = 1;
				DEVELOPMENT_ASSET_PATHS = "\"Geppo_Iphone_Version/Preview Content\"";
				DEVELOPMENT_TEAM = 6797CLBLAB;
				ENABLE_PREVIEWS = YES;
				GENERATE_INFOPLIST_FILE = YES;
				INFOPLIST_KEY_UIApplicationSceneManifest_Generation = YES;
				INFOPLIST_KEY_UIApplicationSupportsIndirectInputEvents = YES;
				INFOPLIST_KEY_UILaunchScreen_Generation = YES;
				INFOPLIST_KEY_UISupportedInterfaceOrientations_iPad = "UIInterfaceOrientationPortrait UIInterfaceOrientationPortraitUpsideDown UIInterfaceOrientationLandscapeLeft UIInterfaceOrientationLandscapeRight";
				INFOPLIST_KEY_UISupportedInterfaceOrientations_iPhone = "UIInterfaceOrientationPortrait UIInterfaceOrientationLandscapeLeft UIInterfaceOrientationLandscapeRight";
				LD_RUNPATH_SEARCH_PATHS = (
					"$(inherited)",
					"@executable_path/Frameworks",
				);
				MARKETING_VERSION = 1.0;
				PRODUCT_BUNDLE_IDENTIFIER = "com.garcia.Geppo-Iphone-Version";
				PRODUCT_NAME = "$(TARGET_NAME)";
				SWIFT_EMIT_LOC_STRINGS = YES;
				SWIFT_VERSION = 5.0;
				TARGETED_DEVICE_FAMILY = "1,2";
			};
			name = Release;
		};
/* End XCBuildConfiguration section */

/* Begin XCConfigurationList section */
		DA1311E92A99760200ABCFF9 /* Build configuration list for PBXProject "Geppo_Iphone_Version" */ = {
			isa = XCConfigurationList;
			buildConfigurations = (
				DA1311FA2A99760300ABCFF9 /* Debug */,
				DA1311FB2A99760300ABCFF9 /* Release */,
			);
			defaultConfigurationIsVisible = 0;
			defaultConfigurationName = Release;
		};
		DA1311FC2A99760300ABCFF9 /* Build configuration list for PBXNativeTarget "Geppo_Iphone_Version" */ = {
			isa = XCConfigurationList;
			buildConfigurations = (
				DA1311FD2A99760300ABCFF9 /* Debug */,
				DA1311FE2A99760300ABCFF9 /* Release */,
			);
			defaultConfigurationIsVisible = 0;
			defaultConfigurationName = Release;
		};
/* End XCConfigurationList section */
	};
	rootObject = DA1311E62A99760200ABCFF9 /* Project object */;
}
